
Microsoft Visual Studio Solution File, Format Version 12.00
# Visual Studio Version 17
VisualStudioVersion = 17.3.32819.101
MinimumVisualStudioVersion = 10.0.40219.1
Project("{FAE04EC0-301F-11D3-BF4B-00C04F79EFBC}") = "Avancerad", "Avancerad\Avancerad.csproj", "{49B65C41-A2DD-4A2D-8C9B-C616631A914C}"
EndProject
Global
	GlobalSection(SolutionConfigurationPlatforms) = preSolution
		Debug|Any CPU = Debug|Any CPU
		Release|Any CPU = Release|Any CPU
	EndGlobalSection
	GlobalSection(ProjectConfigurationPlatforms) = postSolution
		{49B65C41-A2DD-4A2D-8C9B-C616631A914C}.Debug|Any CPU.ActiveCfg = Debug|Any CPU
		{49B65C41-A2DD-4A2D-8C9B-C616631A914C}.Debug|Any CPU.Build.0 = Debug|Any CPU
		{49B65C41-A2DD-4A2D-8C9B-C616631A914C}.Release|Any CPU.ActiveCfg = Release|Any CPU
		{49B65C41-A2DD-4A2D-8C9B-C616631A914C}.Release|Any CPU.Build.0 = Release|Any CPU
	EndGlobalSection
	GlobalSection(SolutionProperties) = preSolution
		HideSolutionNode = FALSE
	EndGlobalSection
	GlobalSection(ExtensibilityGlobals) = postSolution
		SolutionGuid = {2A107017-79AC-46C1-B170-A56621A1F246}
	EndGlobalSection
EndGlobal
